{
  "nodes": {
    "darwin": {
      "inputs": {
        "nixpkgs": [
          "nixpkgs"
        ]
      },
      "locked": {
        "lastModified": 1687517837,
        "narHash": "sha256-Ea+JTy6NSf+wWIFrgC8gnOnyt01xwmtDEn2KecvaBkg=",
        "owner": "lnl7",
        "repo": "nix-darwin",
        "rev": "6460468e7a3e1290f132fee4170ebeaa127f6f32",
        "type": "github"
      },
      "original": {
        "owner": "lnl7",
        "ref": "master",
        "repo": "nix-darwin",
        "type": "github"
      }
    },
    "direnv": {
      "inputs": {
        "flake-utils": [
          "flake-utils"
        ],
        "nixpkgs": [
          "nixpkgs"
        ]
      },
      "locked": {
        "dir": "pkgs/direnv",
        "lastModified": 1687587489,
        "narHash": "sha256-AEdq4O26/mVWYGVEnCePuTzaLMDinTEd48ofYTzy6nY=",
        "ref": "refs/heads/dev",
        "rev": "b90b424a9f0e52b7c395b1238111589926bfc66b",
        "revCount": 105,
        "type": "git",
        "url": "file:.?dir=pkgs/direnv"
      },
      "original": {
        "dir": "pkgs/direnv",
        "type": "git",
        "url": "file:.?dir=pkgs/direnv"
      }
    },
    "flake-utils": {
      "inputs": {
        "systems": "systems"
      },
      "locked": {
        "lastModified": 1687171271,
        "narHash": "sha256-BJlq+ozK2B1sJDQXS3tzJM5a+oVZmi1q0FlBK/Xqv7M=",
        "owner": "numtide",
        "repo": "flake-utils",
        "rev": "abfb11bd1aec8ced1c9bb9adfe68018230f4fb3c",
        "type": "github"
      },
      "original": {
        "owner": "numtide",
        "repo": "flake-utils",
        "type": "github"
      }
    },
    "less": {
      "inputs": {
        "flake-utils": [
          "flake-utils"
        ],
        "nixpkgs": [
          "nixpkgs"
        ]
      },
      "locked": {
        "dir": "pkgs/less",
        "lastModified": 1687587489,
        "narHash": "sha256-AEdq4O26/mVWYGVEnCePuTzaLMDinTEd48ofYTzy6nY=",
        "ref": "refs/heads/dev",
        "rev": "b90b424a9f0e52b7c395b1238111589926bfc66b",
        "revCount": 105,
        "type": "git",
        "url": "file:.?dir=pkgs/less"
      },
      "original": {
        "dir": "pkgs/less",
        "type": "git",
        "url": "file:.?dir=pkgs/less"
      }
    },
    "nixpkgs": {
      "locked": {
        "lastModified": 1687518131,
        "narHash": "sha256-KirltRIc4SFfk8bTNudIqgKAALH5oqpW3PefmkfWK5M=",
        "owner": "nixos",
        "repo": "nixpkgs",
        "rev": "3d8a93602bc54ece7a4e689d9aea1a574e2bbc24",
        "type": "github"
      },
      "original": {
        "owner": "nixos",
        "ref": "nixpkgs-unstable",
        "repo": "nixpkgs",
        "type": "github"
      }
    },
    "nvim": {
      "inputs": {
        "flake-utils": [
          "flake-utils"
        ],
        "nixpkgs": [
          "nixpkgs"
        ],
        "vim-easyclip": "vim-easyclip"
      },
      "locked": {
        "dir": "pkgs/nvim",
        "lastModified": 1687587489,
        "narHash": "sha256-AEdq4O26/mVWYGVEnCePuTzaLMDinTEd48ofYTzy6nY=",
        "ref": "refs/heads/dev",
        "rev": "b90b424a9f0e52b7c395b1238111589926bfc66b",
        "revCount": 105,
        "type": "git",
        "url": "file:.?dir=pkgs/nvim"
      },
      "original": {
        "dir": "pkgs/nvim",
        "type": "git",
        "url": "file:.?dir=pkgs/nvim"
      }
    },
    "root": {
      "inputs": {
        "darwin": "darwin",
        "direnv": "direnv",
        "flake-utils": "flake-utils",
        "less": "less",
        "nixpkgs": "nixpkgs",
        "nvim": "nvim",
        "short-pwd": "short-pwd",
        "zsh": "zsh"
      }
    },
    "short-pwd": {
      "inputs": {
        "flake-utils": [
          "flake-utils"
        ],
        "nixpkgs": [
          "nixpkgs"
        ]
      },
      "locked": {
        "dir": "pkgs/short-pwd",
        "lastModified": 1687587489,
        "narHash": "sha256-AEdq4O26/mVWYGVEnCePuTzaLMDinTEd48ofYTzy6nY=",
        "ref": "refs/heads/dev",
        "rev": "b90b424a9f0e52b7c395b1238111589926bfc66b",
        "revCount": 105,
        "type": "git",
        "url": "file:.?dir=pkgs/short-pwd"
      },
      "original": {
        "dir": "pkgs/short-pwd",
        "type": "git",
        "url": "file:.?dir=pkgs/short-pwd"
      }
    },
    "systems": {
      "locked": {
        "lastModified": 1681028828,
        "narHash": "sha256-Vy1rq5AaRuLzOxct8nz4T6wlgyUR7zLU309k9mBC768=",
        "owner": "nix-systems",
        "repo": "default",
        "rev": "da67096a3b9bf56a91d16901293e51ba5b49a27e",
        "type": "github"
      },
      "original": {
        "owner": "nix-systems",
        "repo": "default",
        "type": "github"
      }
    },
    "vim-easyclip": {
      "flake": false,
      "locked": {
        "lastModified": 1550518062,
        "narHash": "sha256-KBHC95cswqsQinMze/nlI43WZkXMXrDuTfK3z4hHYPg=",
        "owner": "svermeulen",
        "repo": "vim-easyclip",
        "rev": "f1a3b95463402b30dd1e22dae7d0b6ea858db2df",
        "type": "github"
      },
      "original": {
        "owner": "svermeulen",
        "ref": "master",
        "repo": "vim-easyclip",
        "type": "github"
      }
    },
    "zsh": {
      "inputs": {
        "flake-utils": [
          "flake-utils"
        ],
        "nixpkgs": [
          "nixpkgs"
        ]
      },
      "locked": {
        "dir": "pkgs/zsh",
        "lastModified": 1687587489,
        "narHash": "sha256-AEdq4O26/mVWYGVEnCePuTzaLMDinTEd48ofYTzy6nY=",
        "ref": "refs/heads/dev",
        "rev": "b90b424a9f0e52b7c395b1238111589926bfc66b",
        "revCount": 105,
        "type": "git",
        "url": "file:.?dir=pkgs/zsh"
      },
      "original": {
        "dir": "pkgs/zsh",
        "type": "git",
        "url": "file:.?dir=pkgs/zsh"
      }
    }
  },
  "root": "root",
  "version": 7
}
