{
  "home-assistant": {
    "lock": "ghcr.io/home-assistant/home-assistant@sha256:c5781ea986804a35837fb1d69b105cf93696894a2bac48259fccfd7d621e872f",
    "image": "ghcr.io/home-assistant/home-assistant:stable",
    "platform": {
      "architecture": "amd64",
      "os": "linux"
    }
  },
  "zwave-js": {
    "lock": "registry-1.docker.io/zwavejs/zwave-js-ui@sha256:ad6031a0191358e4e3a200498e30610c9c9330af1ffc6b19ad0f269d89c27ba7",
    "image": "zwavejs/zwave-js-ui:latest",
    "platform": {
      "architecture": "amd64",
      "os": "linux"
    }
  }
}
