{
  "home-assistant": {
    "lock": "ghcr.io/home-assistant/home-assistant@sha256:db0f344d5126bfedd7bf18e0bfb8249a9a5e6785e2f6cb3728edbd393fff1981",
    "image": "ghcr.io/home-assistant/home-assistant:stable",
    "platform": {
      "architecture": "amd64",
      "os": "linux"
    }
  },
  "zwave-js": {
    "lock": "registry-1.docker.io/zwavejs/zwave-js-ui@sha256:4798bb152afa7afc7f19ea1e221e94130b4a038fd7d17478a2893b233efc20d0",
    "image": "zwavejs/zwave-js-ui:latest",
    "platform": {
      "architecture": "amd64",
      "os": "linux"
    }
  }
}
