{
  "nodes": {
    "flake-utils": {
      "locked": {
        "lastModified": 1656928814,
        "narHash": "sha256-RIFfgBuKz6Hp89yRr7+NR5tzIAbn52h8vT6vXkYjZoM=",
        "owner": "numtide",
        "repo": "flake-utils",
        "rev": "7e2a3b3dfd9af950a856d66b0a7d01e3c18aa249",
        "type": "github"
      },
      "original": {
        "owner": "numtide",
        "repo": "flake-utils",
        "type": "github"
      }
    },
    "gruvbox-community-src": {
      "flake": false,
      "locked": {
        "lastModified": 1668737981,
        "narHash": "sha256-xsnNqSKA422sbHGJ7M/z5Jl2fEE+KSJqKgfVuRhLu6g=",
        "owner": "gruvbox-community",
        "repo": "gruvbox",
        "rev": "2b5b1f777f0583ffb39086d6c16f39e6e37459c0",
        "type": "github"
      },
      "original": {
        "owner": "gruvbox-community",
        "ref": "master",
        "repo": "gruvbox",
        "type": "github"
      }
    },
    "home-manager": {
      "inputs": {
        "nixpkgs": [
          "nixpkgs"
        ],
        "utils": "utils"
      },
      "locked": {
        "lastModified": 1675935446,
        "narHash": "sha256-WajulTn7QdwC7QuXRBavrANuIXE5z+08EdxdRw1qsNs=",
        "owner": "nix-community",
        "repo": "home-manager",
        "rev": "2dce7f1a55e785a22d61668516df62899278c9e4",
        "type": "github"
      },
      "original": {
        "owner": "nix-community",
        "ref": "master",
        "repo": "home-manager",
        "type": "github"
      }
    },
    "neovim": {
      "inputs": {
        "flake-utils": "flake-utils",
        "nixpkgs": [
          "nixpkgs"
        ],
        "vim-easyclip-src": "vim-easyclip-src",
        "vim-fine-cmdline-src": "vim-fine-cmdline-src",
        "vim-searchbox-src": "vim-searchbox-src"
      },
      "locked": {
        "lastModified": 1673670313,
        "narHash": "sha256-Hv9P+WZjMHLXp2+0LoOHpG/ZuHR8mM3L2hDdNJnm9Fs=",
        "owner": "matthewmazzanti",
        "repo": "nvim-flake",
        "rev": "f6d7fb8641a39a663d6a3e1e37e1687e2e1428c1",
        "type": "github"
      },
      "original": {
        "owner": "matthewmazzanti",
        "ref": "dev",
        "repo": "nvim-flake",
        "type": "github"
      }
    },
    "nixpkgs": {
      "locked": {
        "lastModified": 1675918889,
        "narHash": "sha256-hy7re4F9AEQqwZxubct7jBRos6md26bmxnCjxf5utJA=",
        "owner": "NixOS",
        "repo": "nixpkgs",
        "rev": "49efda9011e8cdcd6c1aad30384cb1dc230c82fe",
        "type": "github"
      },
      "original": {
        "id": "nixpkgs",
        "ref": "nixos-22.11",
        "type": "indirect"
      }
    },
    "picom-next-src": {
      "flake": false,
      "locked": {
        "lastModified": 1675009406,
        "narHash": "sha256-lVwBwOvzn4ro1jInRuNvn1vQuwUHUp4MYrDaFRmW9pc=",
        "owner": "yshui",
        "repo": "picom",
        "rev": "cee12875625465292bc11bf09dc8ab117cae75f4",
        "type": "github"
      },
      "original": {
        "owner": "yshui",
        "ref": "next",
        "repo": "picom",
        "type": "github"
      }
    },
    "root": {
      "inputs": {
        "gruvbox-community-src": "gruvbox-community-src",
        "home-manager": "home-manager",
        "neovim": "neovim",
        "nixpkgs": "nixpkgs",
        "picom-next-src": "picom-next-src",
        "vim-easyclip-src": "vim-easyclip-src_2",
        "vim-pgsql-src": "vim-pgsql-src"
      }
    },
    "utils": {
      "locked": {
        "lastModified": 1667395993,
        "narHash": "sha256-nuEHfE/LcWyuSWnS8t12N1wc105Qtau+/OdUAjtQ0rA=",
        "owner": "numtide",
        "repo": "flake-utils",
        "rev": "5aed5285a952e0b949eb3ba02c12fa4fcfef535f",
        "type": "github"
      },
      "original": {
        "owner": "numtide",
        "repo": "flake-utils",
        "type": "github"
      }
    },
    "vim-easyclip-src": {
      "flake": false,
      "locked": {
        "lastModified": 1550518062,
        "narHash": "sha256-KBHC95cswqsQinMze/nlI43WZkXMXrDuTfK3z4hHYPg=",
        "owner": "svermeulen",
        "repo": "vim-easyclip",
        "rev": "f1a3b95463402b30dd1e22dae7d0b6ea858db2df",
        "type": "github"
      },
      "original": {
        "owner": "svermeulen",
        "ref": "master",
        "repo": "vim-easyclip",
        "type": "github"
      }
    },
    "vim-easyclip-src_2": {
      "flake": false,
      "locked": {
        "lastModified": 1550518062,
        "narHash": "sha256-KBHC95cswqsQinMze/nlI43WZkXMXrDuTfK3z4hHYPg=",
        "owner": "svermeulen",
        "repo": "vim-easyclip",
        "rev": "f1a3b95463402b30dd1e22dae7d0b6ea858db2df",
        "type": "github"
      },
      "original": {
        "owner": "svermeulen",
        "ref": "master",
        "repo": "vim-easyclip",
        "type": "github"
      }
    },
    "vim-fine-cmdline-src": {
      "flake": false,
      "locked": {
        "lastModified": 1656698978,
        "narHash": "sha256-0aYHz6uRMVjctrDo8JKlTIUP2Oj+MrhBvgXRIwo/ueU=",
        "owner": "vonheikemen",
        "repo": "fine-cmdline.nvim",
        "rev": "ead2b85e455eacde10469a8fcf1a717822d2bb9a",
        "type": "github"
      },
      "original": {
        "owner": "vonheikemen",
        "ref": "main",
        "repo": "fine-cmdline.nvim",
        "type": "github"
      }
    },
    "vim-pgsql-src": {
      "flake": false,
      "locked": {
        "lastModified": 1638993234,
        "narHash": "sha256-XMv3cU73X5TtAfCHexlIWWcMcHoiJcGMCsw1ZuWV6Xw=",
        "owner": "lifepillar",
        "repo": "pgsql.vim",
        "rev": "736c9899163a7f4e212c1675d8a1fe42570a027a",
        "type": "github"
      },
      "original": {
        "owner": "lifepillar",
        "ref": "master",
        "repo": "pgsql.vim",
        "type": "github"
      }
    },
    "vim-searchbox-src": {
      "flake": false,
      "locked": {
        "lastModified": 1659102940,
        "narHash": "sha256-zq7HwyvSIlru9/1mqa0L2IpCtcMYRU/CPmczo5UlfYU=",
        "owner": "VonHeikemen",
        "repo": "searchbox.nvim",
        "rev": "ccdbbb8b1b378d4e45d9af9040a6c1e925ad1c56",
        "type": "github"
      },
      "original": {
        "owner": "VonHeikemen",
        "ref": "main",
        "repo": "searchbox.nvim",
        "type": "github"
      }
    }
  },
  "root": "root",
  "version": 7
}
