{
  "hass": {
    "lock": "ghcr.io/home-assistant/home-assistant@sha256:9a85fd0a6b9af0bcdc0d7b3a4d65be3baada22d2b1e3298f30e9e971cfe29ff3",
    "image": "ghcr.io/home-assistant/home-assistant:stable",
    "platform": {
      "architecture": "amd64",
      "os": "linux"
    }
  },
  "zwave": {
    "lock": "registry-1.docker.io/zwavejs/zwave-js-ui@sha256:900eb3a13bcaa123fa68abdc461b4646bee41b22617e19f22f7d4635bd5f5c05",
    "image": "zwavejs/zwave-js-ui:latest",
    "platform": {
      "architecture": "amd64",
      "os": "linux"
    }
  }
}
